// !$*UTF8*$!
{
	archiveVersion = 1;
	classes = {
	};
	objectVersion = 46;
	objects = {

/* Begin PBXBuildFile section */
		A45FB6041B11D45300114556 /* AppDelegate.swift in Sources */ = {isa = PBXBuildFile; fileRef = A45FB6031B11D45300114556 /* AppDelegate.swift */; };
		A45FB6061B11D45300114556 /* ViewController.swift in Sources */ = {isa = PBXBuildFile; fileRef = A45FB6051B11D45300114556 /* ViewController.swift */; };
		A45FB6091B11D45300114556 /* Main.storyboard in Resources */ = {isa = PBXBuildFile; fileRef = A45FB6071B11D45300114556 /* Main.storyboard */; };
		A45FB60B1B11D45300114556 /* Images.xcassets in Resources */ = {isa = PBXBuildFile; fileRef = A45FB60A1B11D45300114556 /* Images.xcassets */; };
		A45FB60E1B11D45300114556 /* LaunchScreen.xib in Resources */ = {isa = PBXBuildFile; fileRef = A45FB60C1B11D45300114556 /* LaunchScreen.xib */; };
		A45FB61A1B11D45300114556 /* StoryBoardDemoTests.swift in Sources */ = {isa = PBXBuildFile; fileRef = A45FB6191B11D45300114556 /* StoryBoardDemoTests.swift */; };
		A45FB6241B11D63B00114556 /* Second.storyboard in Resources */ = {isa = PBXBuildFile; fileRef = A45FB6231B11D63B00114556 /* Second.storyboard */; };
		A45FB6271B11DA8E00114556 /* Button.xib in Resources */ = {isa = PBXBuildFile; fileRef = A45FB6261B11DA8E00114556 /* Button.xib */; };
/* End PBXBuildFile section */

/* Begin PBXContainerItemProxy section */
		A45FB6141B11D45300114556 /* PBXContainerItemProxy */ = {
			isa = PBXContainerItemProxy;
			containerPortal = A45FB5F61B11D45300114556 /* Project object */;
			proxyType = 1;
			remoteGlobalIDString = A45FB5FD1B11D45300114556;
			remoteInfo = StoryBoardDemo;
		};
/* End PBXContainerItemProxy section */

/* Begin PBXFileReference section */
		A45FB5FE1B11D45300114556 /* StoryBoardDemo.app */ = {isa = PBXFileReference; explicitFileType = wrapper.application; includeInIndex = 0; path = StoryBoardDemo.app; sourceTree = BUILT_PRODUCTS_DIR; };
		A45FB6021B11D45300114556 /* Info.plist */ = {isa = PBXFileReference; lastKnownFileType = text.plist.xml; path = Info.plist; sourceTree = "<group>"; };
		A45FB6031B11D45300114556 /* AppDelegate.swift */ = {isa = PBXFileReference; lastKnownFileType = sourcecode.swift; path = AppDelegate.swift; sourceTree = "<group>"; };
		A45FB6051B11D45300114556 /* ViewController.swift */ = {isa = PBXFileReference; lastKnownFileType = sourcecode.swift; path = ViewController.swift; sourceTree = "<group>"; };
		A45FB6081B11D45300114556 /* Base */ = {isa = PBXFileReference; lastKnownFileType = file.storyboard; name = Base; path = Base.lproj/Main.storyboard; sourceTree = "<group>"; };
		A45FB60A1B11D45300114556 /* Images.xcassets */ = {isa = PBXFileReference; lastKnownFileType = folder.assetcatalog; path = Images.xcassets; sourceTree = "<group>"; };
		A45FB60D1B11D45300114556 /* Base */ = {isa = PBXFileReference; lastKnownFileType = file.xib; name = Base; path = Base.lproj/LaunchScreen.xib; sourceTree = "<group>"; };
		A45FB6131B11D45300114556 /* StoryBoardDemoTests.xctest */ = {isa = PBXFileReference; explicitFileType = wrapper.cfbundle; includeInIndex = 0; path = StoryBoardDemoTests.xctest; sourceTree = BUILT_PRODUCTS_DIR; };
		A45FB6181B11D45300114556 /* Info.plist */ = {isa = PBXFileReference; lastKnownFileType = text.plist.xml; path = Info.plist; sourceTree = "<group>"; };
		A45FB6191B11D45300114556 /* StoryBoardDemoTests.swift */ = {isa = PBXFileReference; lastKnownFileType = sourcecode.swift; path = StoryBoardDemoTests.swift; sourceTree = "<group>"; };
		A45FB6231B11D63B00114556 /* Second.storyboard */ = {isa = PBXFileReference; fileEncoding = 4; lastKnownFileType = file.storyboard; path = Second.storyboard; sourceTree = "<group>"; };
		A45FB6261B11DA8E00114556 /* Button.xib */ = {isa = PBXFileReference; fileEncoding = 4; lastKnownFileType = file.xib; path = Button.xib; sourceTree = "<group>"; };
/* End PBXFileReference section */

/* Begin PBXFrameworksBuildPhase section */
		A45FB5FB1B11D45300114556 /* Frameworks */ = {
			isa = PBXFrameworksBuildPhase;
			buildActionMask = 2147483647;
			files = (
			);
			runOnlyForDeploymentPostprocessing = 0;
		};
		A45FB6101B11D45300114556 /* Frameworks */ = {
			isa = PBXFrameworksBuildPhase;
			buildActionMask = 2147483647;
			files = (
			);
			runOnlyForDeploymentPostprocessing = 0;
		};
/* End PBXFrameworksBuildPhase section */

/* Begin PBXGroup section */
		A45FB5F51B11D45300114556 = {
			isa = PBXGroup;
			children = (
				A45FB6001B11D45300114556 /* StoryBoardDemo */,
				A45FB6161B11D45300114556 /* StoryBoardDemoTests */,
				A45FB5FF1B11D45300114556 /* Products */,
			);
			sourceTree = "<group>";
		};
		A45FB5FF1B11D45300114556 /* Products */ = {
			isa = PBXGroup;
			children = (
				A45FB5FE1B11D45300114556 /* StoryBoardDemo.app */,
				A45FB6131B11D45300114556 /* StoryBoardDemoTests.xctest */,
			);
			name = Products;
			sourceTree = "<group>";
		};
		A45FB6001B11D45300114556 /* StoryBoardDemo */ = {
			isa = PBXGroup;
			children = (
				A45FB6251B11D85A00114556 /* xibs */,
				A45FB6031B11D45300114556 /* AppDelegate.swift */,
				A45FB6051B11D45300114556 /* ViewController.swift */,
				A45FB6071B11D45300114556 /* Main.storyboard */,
				A45FB6231B11D63B00114556 /* Second.storyboard */,
				A45FB60A1B11D45300114556 /* Images.xcassets */,
				A45FB60C1B11D45300114556 /* LaunchScreen.xib */,
				A45FB6011B11D45300114556 /* Supporting Files */,
			);
			path = StoryBoardDemo;
			sourceTree = "<group>";
		};
		A45FB6011B11D45300114556 /* Supporting Files */ = {
			isa = PBXGroup;
			children = (
				A45FB6021B11D45300114556 /* Info.plist */,
			);
			name = "Supporting Files";
			sourceTree = "<group>";
		};
		A45FB6161B11D45300114556 /* StoryBoardDemoTests */ = {
			isa = PBXGroup;
			children = (
				A45FB6191B11D45300114556 /* StoryBoardDemoTests.swift */,
				A45FB6171B11D45300114556 /* Supporting Files */,
			);
			path = StoryBoardDemoTests;
			sourceTree = "<group>";
		};
		A45FB6171B11D45300114556 /* Supporting Files */ = {
			isa = PBXGroup;
			children = (
				A45FB6181B11D45300114556 /* Info.plist */,
			);
			name = "Supporting Files";
			sourceTree = "<group>";
		};
		A45FB6251B11D85A00114556 /* xibs */ = {
			isa = PBXGroup;
			children = (
				A45FB6261B11DA8E00114556 /* Button.xib */,
			);
			name = xibs;
			sourceTree = "<group>";
		};
/* End PBXGroup section */

/* Begin PBXNativeTarget section */
		A45FB5FD1B11D45300114556 /* StoryBoardDemo */ = {
			isa = PBXNativeTarget;
			buildConfigurationList = A45FB61D1B11D45300114556 /* Build configuration list for PBXNativeTarget "StoryBoardDemo" */;
			buildPhases = (
				A45FB5FA1B11D45300114556 /* Sources */,
				A45FB5FB1B11D45300114556 /* Frameworks */,
				A45FB5FC1B11D45300114556 /* Resources */,
			);
			buildRules = (
			);
			dependencies = (
			);
			name = StoryBoardDemo;
			productName = StoryBoardDemo;
			productReference = A45FB5FE1B11D45300114556 /* StoryBoardDemo.app */;
			productType = "com.apple.product-type.application";
		};
		A45FB6121B11D45300114556 /* StoryBoardDemoTests */ = {
			isa = PBXNativeTarget;
			buildConfigurationList = A45FB6201B11D45300114556 /* Build configuration list for PBXNativeTarget "StoryBoardDemoTests" */;
			buildPhases = (
				A45FB60F1B11D45300114556 /* Sources */,
				A45FB6101B11D45300114556 /* Frameworks */,
				A45FB6111B11D45300114556 /* Resources */,
			);
			buildRules = (
			);
			dependencies = (
				A45FB6151B11D45300114556 /* PBXTargetDependency */,
			);
			name = StoryBoardDemoTests;
			productName = StoryBoardDemoTests;
			productReference = A45FB6131B11D45300114556 /* StoryBoardDemoTests.xctest */;
			productType = "com.apple.product-type.bundle.unit-test";
		};
/* End PBXNativeTarget section */

/* Begin PBXProject section */
		A45FB5F61B11D45300114556 /* Project object */ = {
			isa = PBXProject;
			attributes = {
				LastUpgradeCheck = 0630;
				ORGANIZATIONNAME = pandazheng;
				TargetAttributes = {
					A45FB5FD1B11D45300114556 = {
						CreatedOnToolsVersion = 6.3.1;
					};
					A45FB6121B11D45300114556 = {
						CreatedOnToolsVersion = 6.3.1;
						TestTargetID = A45FB5FD1B11D45300114556;
					};
				};
			};
			buildConfigurationList = A45FB5F91B11D45300114556 /* Build configuration list for PBXProject "StoryBoardDemo" */;
			compatibilityVersion = "Xcode 3.2";
			developmentRegion = English;
			hasScannedForEncodings = 0;
			knownRegions = (
				en,
				Base,
			);
			mainGroup = A45FB5F51B11D45300114556;
			productRefGroup = A45FB5FF1B11D45300114556 /* Products */;
			projectDirPath = "";
			projectRoot = "";
			targets = (
				A45FB5FD1B11D45300114556 /* StoryBoardDemo */,
				A45FB6121B11D45300114556 /* StoryBoardDemoTests */,
			);
		};
/* End PBXProject section */

/* Begin PBXResourcesBuildPhase section */
		A45FB5FC1B11D45300114556 /* Resources */ = {
			isa = PBXResourcesBuildPhase;
			buildActionMask = 2147483647;
			files = (
				A45FB6271B11DA8E00114556 /* Button.xib in Resources */,
				A45FB6241B11D63B00114556 /* Second.storyboard in Resources */,
				A45FB6091B11D45300114556 /* Main.storyboard in Resources */,
				A45FB60E1B11D45300114556 /* LaunchScreen.xib in Resources */,
				A45FB60B1B11D45300114556 /* Images.xcassets in Resources */,
			);
			runOnlyForDeploymentPostprocessing = 0;
		};
		A45FB6111B11D45300114556 /* Resources */ = {
			isa = PBXResourcesBuildPhase;
			buildActionMask = 2147483647;
			files = (
			);
			runOnlyForDeploymentPostprocessing = 0;
		};
/* End PBXResourcesBuildPhase section */

/* Begin PBXSourcesBuildPhase section */
		A45FB5FA1B11D45300114556 /* Sources */ = {
			isa = PBXSourcesBuildPhase;
			buildActionMask = 2147483647;
			files = (
				A45FB6061B11D45300114556 /* ViewController.swift in Sources */,
				A45FB6041B11D45300114556 /* AppDelegate.swift in Sources */,
			);
			runOnlyForDeploymentPostprocessing = 0;
		};
		A45FB60F1B11D45300114556 /* Sources */ = {
			isa = PBXSourcesBuildPhase;
			buildActionMask = 2147483647;
			files = (
				A45FB61A1B11D45300114556 /* StoryBoardDemoTests.swift in Sources */,
			);
			runOnlyForDeploymentPostprocessing = 0;
		};
/* End PBXSourcesBuildPhase section */

/* Begin PBXTargetDependency section */
		A45FB6151B11D45300114556 /* PBXTargetDependency */ = {
			isa = PBXTargetDependency;
			target = A45FB5FD1B11D45300114556 /* StoryBoardDemo */;
			targetProxy = A45FB6141B11D45300114556 /* PBXContainerItemProxy */;
		};
/* End PBXTargetDependency section */

/* Begin PBXVariantGroup section */
		A45FB6071B11D45300114556 /* Main.storyboard */ = {
			isa = PBXVariantGroup;
			children = (
				A45FB6081B11D45300114556 /* Base */,
			);
			name = Main.storyboard;
			sourceTree = "<group>";
		};
		A45FB60C1B11D45300114556 /* LaunchScreen.xib */ = {
			isa = PBXVariantGroup;
			children = (
				A45FB60D1B11D45300114556 /* Base */,
			);
			name = LaunchScreen.xib;
			sourceTree = "<group>";
		};
/* End PBXVariantGroup section */

/* Begin XCBuildConfiguration section */
		A45FB61B1B11D45300114556 /* Debug */ = {
			isa = XCBuildConfiguration;
			buildSettings = {
				ALWAYS_SEARCH_USER_PATHS = NO;
				CLANG_CXX_LANGUAGE_STANDARD = "gnu++0x";
				CLANG_CXX_LIBRARY = "libc++";
				CLANG_ENABLE_MODULES = YES;
				CLANG_ENABLE_OBJC_ARC = YES;
				CLANG_WARN_BOOL_CONVERSION = YES;
				CLANG_WARN_CONSTANT_CONVERSION = YES;
				CLANG_WARN_DIRECT_OBJC_ISA_USAGE = YES_ERROR;
				CLANG_WARN_EMPTY_BODY = YES;
				CLANG_WARN_ENUM_CONVERSION = YES;
				CLANG_WARN_INT_CONVERSION = YES;
				CLANG_WARN_OBJC_ROOT_CLASS = YES_ERROR;
				CLANG_WARN_UNREACHABLE_CODE = YES;
				CLANG_WARN__DUPLICATE_METHOD_MATCH = YES;
				"CODE_SIGN_IDENTITY[sdk=iphoneos*]" = "iPhone Developer";
				COPY_PHASE_STRIP = NO;
				DEBUG_INFORMATION_FORMAT = "dwarf-with-dsym";
				ENABLE_STRICT_OBJC_MSGSEND = YES;
				GCC_C_LANGUAGE_STANDARD = gnu99;
				GCC_DYNAMIC_NO_PIC = NO;
				GCC_NO_COMMON_BLOCKS = YES;
				GCC_OPTIMIZATION_LEVEL = 0;
				GCC_PREPROCESSOR_DEFINITIONS = (
					"DEBUG=1",
					"$(inherited)",
				);
				GCC_SYMBOLS_PRIVATE_EXTERN = NO;
				GCC_WARN_64_TO_32_BIT_CONVERSION = YES;
				GCC_WARN_ABOUT_RETURN_TYPE = YES_ERROR;
				GCC_WARN_UNDECLARED_SELECTOR = YES;
				GCC_WARN_UNINITIALIZED_AUTOS = YES_AGGRESSIVE;
				GCC_WARN_UNUSED_FUNCTION = YES;
				GCC_WARN_UNUSED_VARIABLE = YES;
				IPHONEOS_DEPLOYMENT_TARGET = 8.3;
				MTL_ENABLE_DEBUG_INFO = YES;
				ONLY_ACTIVE_ARCH = YES;
				SDKROOT = iphoneos;
				SWIFT_OPTIMIZATION_LEVEL = "-Onone";
				TARGETED_DEVICE_FAMILY = "1,2";
			};
			name = Debug;
		};
		A45FB61C1B11D45300114556 /* Release */ = {
			isa = XCBuildConfiguration;
			buildSettings = {
				ALWAYS_SEARCH_USER_PATHS = NO;
				CLANG_CXX_LANGUAGE_STANDARD = "gnu++0x";
				CLANG_CXX_LIBRARY = "libc++";
				CLANG_ENABLE_MODULES = YES;
				CLANG_ENABLE_OBJC_ARC = YES;
				CLANG_WARN_BOOL_CONVERSION = YES;
				CLANG_WARN_CONSTANT_CONVERSION = YES;
				CLANG_WARN_DIRECT_OBJC_ISA_USAGE = YES_ERROR;
				CLANG_WARN_EMPTY_BODY = YES;
				CLANG_WARN_ENUM_CONVERSION = YES;
				CLANG_WARN_INT_CONVERSION = YES;
				CLANG_WARN_OBJC_ROOT_CLASS = YES_ERROR;
				CLANG_WARN_UNREACHABLE_CODE = YES;
				CLANG_WARN__DUPLICATE_METHOD_MATCH = YES;
				"CODE_SIGN_IDENTITY[sdk=iphoneos*]" = "iPhone Developer";
				COPY_PHASE_STRIP = NO;
				DEBUG_INFORMATION_FORMAT = "dwarf-with-dsym";
				ENABLE_NS_ASSERTIONS = NO;
				ENABLE_STRICT_OBJC_MSGSEND = YES;
				GCC_C_LANGUAGE_STANDARD = gnu99;
				GCC_NO_COMMON_BLOCKS = YES;
				GCC_WARN_64_TO_32_BIT_CONVERSION = YES;
				GCC_WARN_ABOUT_RETURN_TYPE = YES_ERROR;
				GCC_WARN_UNDECLARED_SELECTOR = YES;
				GCC_WARN_UNINITIALIZED_AUTOS = YES_AGGRESSIVE;
				GCC_WARN_UNUSED_FUNCTION = YES;
				GCC_WARN_UNUSED_VARIABLE = YES;
				IPHONEOS_DEPLOYMENT_TARGET = 8.3;
				MTL_ENABLE_DEBUG_INFO = NO;
				SDKROOT = iphoneos;
				TARGETED_DEVICE_FAMILY = "1,2";
				VALIDATE_PRODUCT = YES;
			};
			name = Release;
		};
		A45FB61E1B11D45300114556 /* Debug */ = {
			isa = XCBuildConfiguration;
			buildSettings = {
				ASSETCATALOG_COMPILER_APPICON_NAME = AppIcon;
				INFOPLIST_FILE = StoryBoardDemo/Info.plist;
				LD_RUNPATH_SEARCH_PATHS = "$(inherited) @executable_path/Frameworks";
				PRODUCT_NAME = "$(TARGET_NAME)";
			};
			name = Debug;
		};
		A45FB61F1B11D45300114556 /* Release */ = {
			isa = XCBuildConfiguration;
			buildSettings = {
				ASSETCATALOG_COMPILER_APPICON_NAME = AppIcon;
				INFOPLIST_FILE = StoryBoardDemo/Info.plist;
				LD_RUNPATH_SEARCH_PATHS = "$(inherited) @executable_path/Frameworks";
				PRODUCT_NAME = "$(TARGET_NAME)";
			};
			name = Release;
		};
		A45FB6211B11D45300114556 /* Debug */ = {
			isa = XCBuildConfiguration;
			buildSettings = {
				BUNDLE_LOADER = "$(TEST_HOST)";
				FRAMEWORK_SEARCH_PATHS = (
					"$(SDKROOT)/Developer/Library/Frameworks",
					"$(inherited)",
				);
				GCC_PREPROCESSOR_DEFINITIONS = (
					"DEBUG=1",
					"$(inherited)",
				);
				INFOPLIST_FILE = StoryBoardDemoTests/Info.plist;
				LD_RUNPATH_SEARCH_PATHS = "$(inherited) @executable_path/Frameworks @loader_path/Frameworks";
				PRODUCT_NAME = "$(TARGET_NAME)";
				TEST_HOST = "$(BUILT_PRODUCTS_DIR)/StoryBoardDemo.app/StoryBoardDemo";
			};
			name = Debug;
		};
		A45FB6221B11D45300114556 /* Release */ = {
			isa = XCBuildConfiguration;
			buildSettings = {
				BUNDLE_LOADER = "$(TEST_HOST)";
				FRAMEWORK_SEARCH_PATHS = (
					"$(SDKROOT)/Developer/Library/Frameworks",
					"$(inherited)",
				);
				INFOPLIST_FILE = StoryBoardDemoTests/Info.plist;
				LD_RUNPATH_SEARCH_PATHS = "$(inherited) @executable_path/Frameworks @loader_path/Frameworks";
				PRODUCT_NAME = "$(TARGET_NAME)";
				TEST_HOST = "$(BUILT_PRODUCTS_DIR)/StoryBoardDemo.app/StoryBoardDemo";
			};
			name = Release;
		};
/* End XCBuildConfiguration section */

/* Begin XCConfigurationList section */
		A45FB5F91B11D45300114556 /* Build configuration list for PBXProject "StoryBoardDemo" */ = {
			isa = XCConfigurationList;
			buildConfigurations = (
				A45FB61B1B11D45300114556 /* Debug */,
				A45FB61C1B11D45300114556 /* Release */,
			);
			defaultConfigurationIsVisible = 0;
			defaultConfigurationName = Release;
		};
		A45FB61D1B11D45300114556 /* Build configuration list for PBXNativeTarget "StoryBoardDemo" */ = {
			isa = XCConfigurationList;
			buildConfigurations = (
				A45FB61E1B11D45300114556 /* Debug */,
				A45FB61F1B11D45300114556 /* Release */,
			);
			defaultConfigurationIsVisible = 0;
		};
		A45FB6201B11D45300114556 /* Build configuration list for PBXNativeTarget "StoryBoardDemoTests" */ = {
			isa = XCConfigurationList;
			buildConfigurations = (
				A45FB6211B11D45300114556 /* Debug */,
				A45FB6221B11D45300114556 /* Release */,
			);
			defaultConfigurationIsVisible = 0;
		};
/* End XCConfigurationList section */
	};
	rootObject = A45FB5F61B11D45300114556 /* Project object */;
}
