// !$*UTF8*$!
{
	archiveVersion = 1;
	classes = {
	};
	objectVersion = 46;
	objects = {

/* Begin PBXBuildFile section */
		A45FB4751B098EC100114556 /* AppDelegate.swift in Sources */ = {isa = PBXBuildFile; fileRef = A45FB4741B098EC100114556 /* AppDelegate.swift */; };
		A45FB4771B098EC100114556 /* ViewController.swift in Sources */ = {isa = PBXBuildFile; fileRef = A45FB4761B098EC100114556 /* ViewController.swift */; };
		A45FB47A1B098EC100114556 /* Main.storyboard in Resources */ = {isa = PBXBuildFile; fileRef = A45FB4781B098EC100114556 /* Main.storyboard */; };
		A45FB47C1B098EC100114556 /* Images.xcassets in Resources */ = {isa = PBXBuildFile; fileRef = A45FB47B1B098EC100114556 /* Images.xcassets */; };
		A45FB47F1B098EC100114556 /* LaunchScreen.xib in Resources */ = {isa = PBXBuildFile; fileRef = A45FB47D1B098EC100114556 /* LaunchScreen.xib */; };
		A45FB48B1B098EC100114556 /* NSUserDefaultsDemoTests.swift in Sources */ = {isa = PBXBuildFile; fileRef = A45FB48A1B098EC100114556 /* NSUserDefaultsDemoTests.swift */; };
/* End PBXBuildFile section */

/* Begin PBXContainerItemProxy section */
		A45FB4851B098EC100114556 /* PBXContainerItemProxy */ = {
			isa = PBXContainerItemProxy;
			containerPortal = A45FB4671B098EC100114556 /* Project object */;
			proxyType = 1;
			remoteGlobalIDString = A45FB46E1B098EC100114556;
			remoteInfo = NSUserDefaultsDemo;
		};
/* End PBXContainerItemProxy section */

/* Begin PBXFileReference section */
		A45FB46F1B098EC100114556 /* NSUserDefaultsDemo.app */ = {isa = PBXFileReference; explicitFileType = wrapper.application; includeInIndex = 0; path = NSUserDefaultsDemo.app; sourceTree = BUILT_PRODUCTS_DIR; };
		A45FB4731B098EC100114556 /* Info.plist */ = {isa = PBXFileReference; lastKnownFileType = text.plist.xml; path = Info.plist; sourceTree = "<group>"; };
		A45FB4741B098EC100114556 /* AppDelegate.swift */ = {isa = PBXFileReference; lastKnownFileType = sourcecode.swift; path = AppDelegate.swift; sourceTree = "<group>"; };
		A45FB4761B098EC100114556 /* ViewController.swift */ = {isa = PBXFileReference; lastKnownFileType = sourcecode.swift; path = ViewController.swift; sourceTree = "<group>"; };
		A45FB4791B098EC100114556 /* Base */ = {isa = PBXFileReference; lastKnownFileType = file.storyboard; name = Base; path = Base.lproj/Main.storyboard; sourceTree = "<group>"; };
		A45FB47B1B098EC100114556 /* Images.xcassets */ = {isa = PBXFileReference; lastKnownFileType = folder.assetcatalog; path = Images.xcassets; sourceTree = "<group>"; };
		A45FB47E1B098EC100114556 /* Base */ = {isa = PBXFileReference; lastKnownFileType = file.xib; name = Base; path = Base.lproj/LaunchScreen.xib; sourceTree = "<group>"; };
		A45FB4841B098EC100114556 /* NSUserDefaultsDemoTests.xctest */ = {isa = PBXFileReference; explicitFileType = wrapper.cfbundle; includeInIndex = 0; path = NSUserDefaultsDemoTests.xctest; sourceTree = BUILT_PRODUCTS_DIR; };
		A45FB4891B098EC100114556 /* Info.plist */ = {isa = PBXFileReference; lastKnownFileType = text.plist.xml; path = Info.plist; sourceTree = "<group>"; };
		A45FB48A1B098EC100114556 /* NSUserDefaultsDemoTests.swift */ = {isa = PBXFileReference; lastKnownFileType = sourcecode.swift; path = NSUserDefaultsDemoTests.swift; sourceTree = "<group>"; };
/* End PBXFileReference section */

/* Begin PBXFrameworksBuildPhase section */
		A45FB46C1B098EC100114556 /* Frameworks */ = {
			isa = PBXFrameworksBuildPhase;
			buildActionMask = 2147483647;
			files = (
			);
			runOnlyForDeploymentPostprocessing = 0;
		};
		A45FB4811B098EC100114556 /* Frameworks */ = {
			isa = PBXFrameworksBuildPhase;
			buildActionMask = 2147483647;
			files = (
			);
			runOnlyForDeploymentPostprocessing = 0;
		};
/* End PBXFrameworksBuildPhase section */

/* Begin PBXGroup section */
		A45FB4661B098EC100114556 = {
			isa = PBXGroup;
			children = (
				A45FB4711B098EC100114556 /* NSUserDefaultsDemo */,
				A45FB4871B098EC100114556 /* NSUserDefaultsDemoTests */,
				A45FB4701B098EC100114556 /* Products */,
			);
			sourceTree = "<group>";
		};
		A45FB4701B098EC100114556 /* Products */ = {
			isa = PBXGroup;
			children = (
				A45FB46F1B098EC100114556 /* NSUserDefaultsDemo.app */,
				A45FB4841B098EC100114556 /* NSUserDefaultsDemoTests.xctest */,
			);
			name = Products;
			sourceTree = "<group>";
		};
		A45FB4711B098EC100114556 /* NSUserDefaultsDemo */ = {
			isa = PBXGroup;
			children = (
				A45FB4741B098EC100114556 /* AppDelegate.swift */,
				A45FB4761B098EC100114556 /* ViewController.swift */,
				A45FB4781B098EC100114556 /* Main.storyboard */,
				A45FB47B1B098EC100114556 /* Images.xcassets */,
				A45FB47D1B098EC100114556 /* LaunchScreen.xib */,
				A45FB4721B098EC100114556 /* Supporting Files */,
			);
			path = NSUserDefaultsDemo;
			sourceTree = "<group>";
		};
		A45FB4721B098EC100114556 /* Supporting Files */ = {
			isa = PBXGroup;
			children = (
				A45FB4731B098EC100114556 /* Info.plist */,
			);
			name = "Supporting Files";
			sourceTree = "<group>";
		};
		A45FB4871B098EC100114556 /* NSUserDefaultsDemoTests */ = {
			isa = PBXGroup;
			children = (
				A45FB48A1B098EC100114556 /* NSUserDefaultsDemoTests.swift */,
				A45FB4881B098EC100114556 /* Supporting Files */,
			);
			path = NSUserDefaultsDemoTests;
			sourceTree = "<group>";
		};
		A45FB4881B098EC100114556 /* Supporting Files */ = {
			isa = PBXGroup;
			children = (
				A45FB4891B098EC100114556 /* Info.plist */,
			);
			name = "Supporting Files";
			sourceTree = "<group>";
		};
/* End PBXGroup section */

/* Begin PBXNativeTarget section */
		A45FB46E1B098EC100114556 /* NSUserDefaultsDemo */ = {
			isa = PBXNativeTarget;
			buildConfigurationList = A45FB48E1B098EC100114556 /* Build configuration list for PBXNativeTarget "NSUserDefaultsDemo" */;
			buildPhases = (
				A45FB46B1B098EC100114556 /* Sources */,
				A45FB46C1B098EC100114556 /* Frameworks */,
				A45FB46D1B098EC100114556 /* Resources */,
			);
			buildRules = (
			);
			dependencies = (
			);
			name = NSUserDefaultsDemo;
			productName = NSUserDefaultsDemo;
			productReference = A45FB46F1B098EC100114556 /* NSUserDefaultsDemo.app */;
			productType = "com.apple.product-type.application";
		};
		A45FB4831B098EC100114556 /* NSUserDefaultsDemoTests */ = {
			isa = PBXNativeTarget;
			buildConfigurationList = A45FB4911B098EC100114556 /* Build configuration list for PBXNativeTarget "NSUserDefaultsDemoTests" */;
			buildPhases = (
				A45FB4801B098EC100114556 /* Sources */,
				A45FB4811B098EC100114556 /* Frameworks */,
				A45FB4821B098EC100114556 /* Resources */,
			);
			buildRules = (
			);
			dependencies = (
				A45FB4861B098EC100114556 /* PBXTargetDependency */,
			);
			name = NSUserDefaultsDemoTests;
			productName = NSUserDefaultsDemoTests;
			productReference = A45FB4841B098EC100114556 /* NSUserDefaultsDemoTests.xctest */;
			productType = "com.apple.product-type.bundle.unit-test";
		};
/* End PBXNativeTarget section */

/* Begin PBXProject section */
		A45FB4671B098EC100114556 /* Project object */ = {
			isa = PBXProject;
			attributes = {
				LastUpgradeCheck = 0630;
				ORGANIZATIONNAME = pandazheng;
				TargetAttributes = {
					A45FB46E1B098EC100114556 = {
						CreatedOnToolsVersion = 6.3.1;
					};
					A45FB4831B098EC100114556 = {
						CreatedOnToolsVersion = 6.3.1;
						TestTargetID = A45FB46E1B098EC100114556;
					};
				};
			};
			buildConfigurationList = A45FB46A1B098EC100114556 /* Build configuration list for PBXProject "NSUserDefaultsDemo" */;
			compatibilityVersion = "Xcode 3.2";
			developmentRegion = English;
			hasScannedForEncodings = 0;
			knownRegions = (
				en,
				Base,
			);
			mainGroup = A45FB4661B098EC100114556;
			productRefGroup = A45FB4701B098EC100114556 /* Products */;
			projectDirPath = "";
			projectRoot = "";
			targets = (
				A45FB46E1B098EC100114556 /* NSUserDefaultsDemo */,
				A45FB4831B098EC100114556 /* NSUserDefaultsDemoTests */,
			);
		};
/* End PBXProject section */

/* Begin PBXResourcesBuildPhase section */
		A45FB46D1B098EC100114556 /* Resources */ = {
			isa = PBXResourcesBuildPhase;
			buildActionMask = 2147483647;
			files = (
				A45FB47A1B098EC100114556 /* Main.storyboard in Resources */,
				A45FB47F1B098EC100114556 /* LaunchScreen.xib in Resources */,
				A45FB47C1B098EC100114556 /* Images.xcassets in Resources */,
			);
			runOnlyForDeploymentPostprocessing = 0;
		};
		A45FB4821B098EC100114556 /* Resources */ = {
			isa = PBXResourcesBuildPhase;
			buildActionMask = 2147483647;
			files = (
			);
			runOnlyForDeploymentPostprocessing = 0;
		};
/* End PBXResourcesBuildPhase section */

/* Begin PBXSourcesBuildPhase section */
		A45FB46B1B098EC100114556 /* Sources */ = {
			isa = PBXSourcesBuildPhase;
			buildActionMask = 2147483647;
			files = (
				A45FB4771B098EC100114556 /* ViewController.swift in Sources */,
				A45FB4751B098EC100114556 /* AppDelegate.swift in Sources */,
			);
			runOnlyForDeploymentPostprocessing = 0;
		};
		A45FB4801B098EC100114556 /* Sources */ = {
			isa = PBXSourcesBuildPhase;
			buildActionMask = 2147483647;
			files = (
				A45FB48B1B098EC100114556 /* NSUserDefaultsDemoTests.swift in Sources */,
			);
			runOnlyForDeploymentPostprocessing = 0;
		};
/* End PBXSourcesBuildPhase section */

/* Begin PBXTargetDependency section */
		A45FB4861B098EC100114556 /* PBXTargetDependency */ = {
			isa = PBXTargetDependency;
			target = A45FB46E1B098EC100114556 /* NSUserDefaultsDemo */;
			targetProxy = A45FB4851B098EC100114556 /* PBXContainerItemProxy */;
		};
/* End PBXTargetDependency section */

/* Begin PBXVariantGroup section */
		A45FB4781B098EC100114556 /* Main.storyboard */ = {
			isa = PBXVariantGroup;
			children = (
				A45FB4791B098EC100114556 /* Base */,
			);
			name = Main.storyboard;
			sourceTree = "<group>";
		};
		A45FB47D1B098EC100114556 /* LaunchScreen.xib */ = {
			isa = PBXVariantGroup;
			children = (
				A45FB47E1B098EC100114556 /* Base */,
			);
			name = LaunchScreen.xib;
			sourceTree = "<group>";
		};
/* End PBXVariantGroup section */

/* Begin XCBuildConfiguration section */
		A45FB48C1B098EC100114556 /* Debug */ = {
			isa = XCBuildConfiguration;
			buildSettings = {
				ALWAYS_SEARCH_USER_PATHS = NO;
				CLANG_CXX_LANGUAGE_STANDARD = "gnu++0x";
				CLANG_CXX_LIBRARY = "libc++";
				CLANG_ENABLE_MODULES = YES;
				CLANG_ENABLE_OBJC_ARC = YES;
				CLANG_WARN_BOOL_CONVERSION = YES;
				CLANG_WARN_CONSTANT_CONVERSION = YES;
				CLANG_WARN_DIRECT_OBJC_ISA_USAGE = YES_ERROR;
				CLANG_WARN_EMPTY_BODY = YES;
				CLANG_WARN_ENUM_CONVERSION = YES;
				CLANG_WARN_INT_CONVERSION = YES;
				CLANG_WARN_OBJC_ROOT_CLASS = YES_ERROR;
				CLANG_WARN_UNREACHABLE_CODE = YES;
				CLANG_WARN__DUPLICATE_METHOD_MATCH = YES;
				"CODE_SIGN_IDENTITY[sdk=iphoneos*]" = "iPhone Developer";
				COPY_PHASE_STRIP = NO;
				DEBUG_INFORMATION_FORMAT = "dwarf-with-dsym";
				ENABLE_STRICT_OBJC_MSGSEND = YES;
				GCC_C_LANGUAGE_STANDARD = gnu99;
				GCC_DYNAMIC_NO_PIC = NO;
				GCC_NO_COMMON_BLOCKS = YES;
				GCC_OPTIMIZATION_LEVEL = 0;
				GCC_PREPROCESSOR_DEFINITIONS = (
					"DEBUG=1",
					"$(inherited)",
				);
				GCC_SYMBOLS_PRIVATE_EXTERN = NO;
				GCC_WARN_64_TO_32_BIT_CONVERSION = YES;
				GCC_WARN_ABOUT_RETURN_TYPE = YES_ERROR;
				GCC_WARN_UNDECLARED_SELECTOR = YES;
				GCC_WARN_UNINITIALIZED_AUTOS = YES_AGGRESSIVE;
				GCC_WARN_UNUSED_FUNCTION = YES;
				GCC_WARN_UNUSED_VARIABLE = YES;
				IPHONEOS_DEPLOYMENT_TARGET = 8.3;
				MTL_ENABLE_DEBUG_INFO = YES;
				ONLY_ACTIVE_ARCH = YES;
				SDKROOT = iphoneos;
				SWIFT_OPTIMIZATION_LEVEL = "-Onone";
				TARGETED_DEVICE_FAMILY = "1,2";
			};
			name = Debug;
		};
		A45FB48D1B098EC100114556 /* Release */ = {
			isa = XCBuildConfiguration;
			buildSettings = {
				ALWAYS_SEARCH_USER_PATHS = NO;
				CLANG_CXX_LANGUAGE_STANDARD = "gnu++0x";
				CLANG_CXX_LIBRARY = "libc++";
				CLANG_ENABLE_MODULES = YES;
				CLANG_ENABLE_OBJC_ARC = YES;
				CLANG_WARN_BOOL_CONVERSION = YES;
				CLANG_WARN_CONSTANT_CONVERSION = YES;
				CLANG_WARN_DIRECT_OBJC_ISA_USAGE = YES_ERROR;
				CLANG_WARN_EMPTY_BODY = YES;
				CLANG_WARN_ENUM_CONVERSION = YES;
				CLANG_WARN_INT_CONVERSION = YES;
				CLANG_WARN_OBJC_ROOT_CLASS = YES_ERROR;
				CLANG_WARN_UNREACHABLE_CODE = YES;
				CLANG_WARN__DUPLICATE_METHOD_MATCH = YES;
				"CODE_SIGN_IDENTITY[sdk=iphoneos*]" = "iPhone Developer";
				COPY_PHASE_STRIP = NO;
				DEBUG_INFORMATION_FORMAT = "dwarf-with-dsym";
				ENABLE_NS_ASSERTIONS = NO;
				ENABLE_STRICT_OBJC_MSGSEND = YES;
				GCC_C_LANGUAGE_STANDARD = gnu99;
				GCC_NO_COMMON_BLOCKS = YES;
				GCC_WARN_64_TO_32_BIT_CONVERSION = YES;
				GCC_WARN_ABOUT_RETURN_TYPE = YES_ERROR;
				GCC_WARN_UNDECLARED_SELECTOR = YES;
				GCC_WARN_UNINITIALIZED_AUTOS = YES_AGGRESSIVE;
				GCC_WARN_UNUSED_FUNCTION = YES;
				GCC_WARN_UNUSED_VARIABLE = YES;
				IPHONEOS_DEPLOYMENT_TARGET = 8.3;
				MTL_ENABLE_DEBUG_INFO = NO;
				SDKROOT = iphoneos;
				TARGETED_DEVICE_FAMILY = "1,2";
				VALIDATE_PRODUCT = YES;
			};
			name = Release;
		};
		A45FB48F1B098EC100114556 /* Debug */ = {
			isa = XCBuildConfiguration;
			buildSettings = {
				ASSETCATALOG_COMPILER_APPICON_NAME = AppIcon;
				INFOPLIST_FILE = NSUserDefaultsDemo/Info.plist;
				LD_RUNPATH_SEARCH_PATHS = "$(inherited) @executable_path/Frameworks";
				PRODUCT_NAME = "$(TARGET_NAME)";
			};
			name = Debug;
		};
		A45FB4901B098EC100114556 /* Release */ = {
			isa = XCBuildConfiguration;
			buildSettings = {
				ASSETCATALOG_COMPILER_APPICON_NAME = AppIcon;
				INFOPLIST_FILE = NSUserDefaultsDemo/Info.plist;
				LD_RUNPATH_SEARCH_PATHS = "$(inherited) @executable_path/Frameworks";
				PRODUCT_NAME = "$(TARGET_NAME)";
			};
			name = Release;
		};
		A45FB4921B098EC100114556 /* Debug */ = {
			isa = XCBuildConfiguration;
			buildSettings = {
				BUNDLE_LOADER = "$(TEST_HOST)";
				FRAMEWORK_SEARCH_PATHS = (
					"$(SDKROOT)/Developer/Library/Frameworks",
					"$(inherited)",
				);
				GCC_PREPROCESSOR_DEFINITIONS = (
					"DEBUG=1",
					"$(inherited)",
				);
				INFOPLIST_FILE = NSUserDefaultsDemoTests/Info.plist;
				LD_RUNPATH_SEARCH_PATHS = "$(inherited) @executable_path/Frameworks @loader_path/Frameworks";
				PRODUCT_NAME = "$(TARGET_NAME)";
				TEST_HOST = "$(BUILT_PRODUCTS_DIR)/NSUserDefaultsDemo.app/NSUserDefaultsDemo";
			};
			name = Debug;
		};
		A45FB4931B098EC100114556 /* Release */ = {
			isa = XCBuildConfiguration;
			buildSettings = {
				BUNDLE_LOADER = "$(TEST_HOST)";
				FRAMEWORK_SEARCH_PATHS = (
					"$(SDKROOT)/Developer/Library/Frameworks",
					"$(inherited)",
				);
				INFOPLIST_FILE = NSUserDefaultsDemoTests/Info.plist;
				LD_RUNPATH_SEARCH_PATHS = "$(inherited) @executable_path/Frameworks @loader_path/Frameworks";
				PRODUCT_NAME = "$(TARGET_NAME)";
				TEST_HOST = "$(BUILT_PRODUCTS_DIR)/NSUserDefaultsDemo.app/NSUserDefaultsDemo";
			};
			name = Release;
		};
/* End XCBuildConfiguration section */

/* Begin XCConfigurationList section */
		A45FB46A1B098EC100114556 /* Build configuration list for PBXProject "NSUserDefaultsDemo" */ = {
			isa = XCConfigurationList;
			buildConfigurations = (
				A45FB48C1B098EC100114556 /* Debug */,
				A45FB48D1B098EC100114556 /* Release */,
			);
			defaultConfigurationIsVisible = 0;
			defaultConfigurationName = Release;
		};
		A45FB48E1B098EC100114556 /* Build configuration list for PBXNativeTarget "NSUserDefaultsDemo" */ = {
			isa = XCConfigurationList;
			buildConfigurations = (
				A45FB48F1B098EC100114556 /* Debug */,
				A45FB4901B098EC100114556 /* Release */,
			);
			defaultConfigurationIsVisible = 0;
		};
		A45FB4911B098EC100114556 /* Build configuration list for PBXNativeTarget "NSUserDefaultsDemoTests" */ = {
			isa = XCConfigurationList;
			buildConfigurations = (
				A45FB4921B098EC100114556 /* Debug */,
				A45FB4931B098EC100114556 /* Release */,
			);
			defaultConfigurationIsVisible = 0;
		};
/* End XCConfigurationList section */
	};
	rootObject = A45FB4671B098EC100114556 /* Project object */;
}
